Microsoft Visual Studio Solution File, Format Version 12.00
# Visual Studio Version 17
VisualStudioVersion = 17.5.2.0
MinimumVisualStudioVersion = 10.0.40219.1
Project("{FAE04EC0-301F-11D3-BF4B-00C04F79EFBC}") = "LogAnalyzer", "LogAnalyzer.csproj", "{D1EF7463-2AFD-0F9C-8316-65AD7CA0C398}"
EndProject
Global
	GlobalSection(SolutionConfigurationPlatforms) = preSolution
		Debug|Any CPU = Debug|Any CPU
		Release|Any CPU = Release|Any CPU
	EndGlobalSection
	GlobalSection(ProjectConfigurationPlatforms) = postSolution
		{D1EF7463-2AFD-0F9C-8316-65AD7CA0C398}.Debug|Any CPU.ActiveCfg = Debug|Any CPU
		{D1EF7463-2AFD-0F9C-8316-65AD7CA0C398}.Debug|Any CPU.Build.0 = Debug|Any CPU
		{D1EF7463-2AFD-0F9C-8316-65AD7CA0C398}.Release|Any CPU.ActiveCfg = Release|Any CPU
		{D1EF7463-2AFD-0F9C-8316-65AD7CA0C398}.Release|Any CPU.Build.0 = Release|Any CPU
	EndGlobalSection
	GlobalSection(SolutionProperties) = preSolution
		HideSolutionNode = FALSE
	EndGlobalSection
	GlobalSection(ExtensibilityGlobals) = postSolution
		SolutionGuid = {EBF4621C-A535-4964-9FA4-C9EDE20F5F5A}
	EndGlobalSection
EndGlobal
